
Microsoft Visual Studio Solution File, Format Version 12.00
# Visual Studio 15
VisualStudioVersion = 15.0.28307.106
MinimumVisualStudioVersion = 10.0.40219.1
Project("{8BC9CEB8-8B4A-11D0-8D11-00A0C91BC942}") = "320_ATC_Project", "320_ATC_Project\320_ATC_Project.vcxproj", "{84E8CEB8-8731-4BF6-921E-5DEDB9E555BF}"
EndProject
Global
	GlobalSection(SolutionConfigurationPlatforms) = preSolution
		Debug|x64 = Debug|x64
		Debug|x86 = Debug|x86
		Release|x64 = Release|x64
		Release|x86 = Release|x86
	EndGlobalSection
	GlobalSection(ProjectConfigurationPlatforms) = postSolution
		{84E8CEB8-8731-4BF6-921E-5DEDB9E555BF}.Debug|x64.ActiveCfg = Debug|x64
		{84E8CEB8-8731-4BF6-921E-5DEDB9E555BF}.Debug|x64.Build.0 = Debug|x64
		{84E8CEB8-8731-4BF6-921E-5DEDB9E555BF}.Debug|x86.ActiveCfg = Debug|Win32
		{84E8CEB8-8731-4BF6-921E-5DEDB9E555BF}.Debug|x86.Build.0 = Debug|Win32
		{84E8CEB8-8731-4BF6-921E-5DEDB9E555BF}.Release|x64.ActiveCfg = Release|x64
		{84E8CEB8-8731-4BF6-921E-5DEDB9E555BF}.Release|x64.Build.0 = Release|x64
		{84E8CEB8-8731-4BF6-921E-5DEDB9E555BF}.Release|x86.ActiveCfg = Release|Win32
		{84E8CEB8-8731-4BF6-921E-5DEDB9E555BF}.Release|x86.Build.0 = Release|Win32
	EndGlobalSection
	GlobalSection(SolutionProperties) = preSolution
		HideSolutionNode = FALSE
	EndGlobalSection
	GlobalSection(ExtensibilityGlobals) = postSolution
		SolutionGuid = {061A14A9-4E4D-40D3-A5C0-467B2328C560}
	EndGlobalSection
EndGlobal
